
Microsoft Visual Studio Solution File, Format Version 12.00
# Visual Studio 15
VisualStudioVersion = 15.0.27703.2042
MinimumVisualStudioVersion = 10.0.40219.1
Project("{FAE04EC0-301F-11D3-BF4B-00C04F79EFBC}") = "FutureWebApi", "WebApplication1\FutureWebApi.csproj", "{1C954B53-6370-41F8-A0FC-0A730C2D08B3}"
EndProject
Project("{FAE04EC0-301F-11D3-BF4B-00C04F79EFBC}") = "UnitTestProject1", "UnitTestProject1\UnitTestProject1.csproj", "{72F3566C-8234-480D-B90C-5DE0BF1908C5}"
EndProject
Project("{FAE04EC0-301F-11D3-BF4B-00C04F79EFBC}") = "HelloWorldClass", "HelloWorldClass\HelloWorldClass.csproj", "{1E737CD9-B5F5-41D8-9FEC-74AE627E6997}"
EndProject
Project("{FAE04EC0-301F-11D3-BF4B-00C04F79EFBC}") = "ConsoleHelloWorld", "ConsoleHelloWorld\ConsoleHelloWorld.csproj", "{989918FF-9D64-4305-BFC5-F5A4BBAA33E9}"
EndProject
Global
	GlobalSection(SolutionConfigurationPlatforms) = preSolution
		Debug|Any CPU = Debug|Any CPU
		Release|Any CPU = Release|Any CPU
	EndGlobalSection
	GlobalSection(ProjectConfigurationPlatforms) = postSolution
		{1C954B53-6370-41F8-A0FC-0A730C2D08B3}.Debug|Any CPU.ActiveCfg = Debug|Any CPU
		{1C954B53-6370-41F8-A0FC-0A730C2D08B3}.Debug|Any CPU.Build.0 = Debug|Any CPU
		{1C954B53-6370-41F8-A0FC-0A730C2D08B3}.Release|Any CPU.ActiveCfg = Release|Any CPU
		{1C954B53-6370-41F8-A0FC-0A730C2D08B3}.Release|Any CPU.Build.0 = Release|Any CPU
		{72F3566C-8234-480D-B90C-5DE0BF1908C5}.Debug|Any CPU.ActiveCfg = Debug|Any CPU
		{72F3566C-8234-480D-B90C-5DE0BF1908C5}.Debug|Any CPU.Build.0 = Debug|Any CPU
		{72F3566C-8234-480D-B90C-5DE0BF1908C5}.Release|Any CPU.ActiveCfg = Release|Any CPU
		{72F3566C-8234-480D-B90C-5DE0BF1908C5}.Release|Any CPU.Build.0 = Release|Any CPU
		{1E737CD9-B5F5-41D8-9FEC-74AE627E6997}.Debug|Any CPU.ActiveCfg = Debug|Any CPU
		{1E737CD9-B5F5-41D8-9FEC-74AE627E6997}.Debug|Any CPU.Build.0 = Debug|Any CPU
		{1E737CD9-B5F5-41D8-9FEC-74AE627E6997}.Release|Any CPU.ActiveCfg = Release|Any CPU
		{1E737CD9-B5F5-41D8-9FEC-74AE627E6997}.Release|Any CPU.Build.0 = Release|Any CPU
		{989918FF-9D64-4305-BFC5-F5A4BBAA33E9}.Debug|Any CPU.ActiveCfg = Debug|Any CPU
		{989918FF-9D64-4305-BFC5-F5A4BBAA33E9}.Debug|Any CPU.Build.0 = Debug|Any CPU
		{989918FF-9D64-4305-BFC5-F5A4BBAA33E9}.Release|Any CPU.ActiveCfg = Release|Any CPU
		{989918FF-9D64-4305-BFC5-F5A4BBAA33E9}.Release|Any CPU.Build.0 = Release|Any CPU
	EndGlobalSection
	GlobalSection(SolutionProperties) = preSolution
		HideSolutionNode = FALSE
	EndGlobalSection
	GlobalSection(ExtensibilityGlobals) = postSolution
		SolutionGuid = {FABF69CC-76FF-4AC3-BE40-66C362B398F8}
	EndGlobalSection
EndGlobal
